
Microsoft Visual Studio Solution File, Format Version 12.00
# Visual Studio 15
VisualStudioVersion = 15.0.27130.2027
MinimumVisualStudioVersion = 10.0.40219.1
Project("{2150E333-8FDC-42A3-9474-1A3956D46DE8}") = "Solution Items", "Solution Items", "{E1832516-5D75-4D5F-A425-19A789D33564}"
	ProjectSection(SolutionItems) = preProject
		BusylightSDK.dll = BusylightSDK.dll
		Kuando.BusyLight.nuspec = Kuando.BusyLight.nuspec
	EndProjectSection
EndProject
Global
	GlobalSection(SolutionProperties) = preSolution
		HideSolutionNode = FALSE
	EndGlobalSection
	GlobalSection(ExtensibilityGlobals) = postSolution
		SolutionGuid = {BF314899-D3CB-4E67-8D49-E400F113DAED}
	EndGlobalSection
EndGlobal
